// !$*UTF8*$!
{
	archiveVersion = 1;
	classes = {
	};
	objectVersion = 56;
	objects = {

/* Begin PBXBuildFile section */
		5475AB142D58C25000D78AE7 /* MotionTrackerApp.swift in Sources */ = {isa = PBXBuildFile; fileRef = 5475AB132D58C25000D78AE7 /* MotionTrackerApp.swift */; };
		5475AB162D58C25000D78AE7 /* ContentView.swift in Sources */ = {isa = PBXBuildFile; fileRef = 5475AB152D58C25000D78AE7 /* ContentView.swift */; };
		5475AB182D58C25200D78AE7 /* Assets.xcassets in Resources */ = {isa = PBXBuildFile; fileRef = 5475AB172D58C25200D78AE7 /* Assets.xcassets */; };
		5475AB1B2D58C25200D78AE7 /* Preview Assets.xcassets in Resources */ = {isa = PBXBuildFile; fileRef = 5475AB1A2D58C25200D78AE7 /* Preview Assets.xcassets */; };
		5475AB1D2D58C25200D78AE7 /* Persistence.swift in Sources */ = {isa = PBXBuildFile; fileRef = 5475AB1C2D58C25200D78AE7 /* Persistence.swift */; };
		5475AB202D58C25200D78AE7 /* MotionTracker.xcdatamodeld in Sources */ = {isa = PBXBuildFile; fileRef = 5475AB1E2D58C25200D78AE7 /* MotionTracker.xcdatamodeld */; };
		5475AB2A2D58C25200D78AE7 /* MotionTrackerTests.swift in Sources */ = {isa = PBXBuildFile; fileRef = 5475AB292D58C25200D78AE7 /* MotionTrackerTests.swift */; };
		5475AB342D58C25200D78AE7 /* MotionTrackerUITests.swift in Sources */ = {isa = PBXBuildFile; fileRef = 5475AB332D58C25200D78AE7 /* MotionTrackerUITests.swift */; };
		5475AB362D58C25200D78AE7 /* MotionTrackerUITestsLaunchTests.swift in Sources */ = {isa = PBXBuildFile; fileRef = 5475AB352D58C25200D78AE7 /* MotionTrackerUITestsLaunchTests.swift */; };
		5475AB432D58C3AE00D78AE7 /* MotionManager.swift in Sources */ = {isa = PBXBuildFile; fileRef = 5475AB422D58C3AE00D78AE7 /* MotionManager.swift */; };
		5475AB452D58C56900D78AE7 /* BluetoothManager.swift in Sources */ = {isa = PBXBuildFile; fileRef = 5475AB442D58C56900D78AE7 /* BluetoothManager.swift */; };
/* End PBXBuildFile section */

/* Begin PBXContainerItemProxy section */
		5475AB262D58C25200D78AE7 /* PBXContainerItemProxy */ = {
			isa = PBXContainerItemProxy;
			containerPortal = 5475AB082D58C25000D78AE7 /* Project object */;
			proxyType = 1;
			remoteGlobalIDString = 5475AB0F2D58C25000D78AE7;
			remoteInfo = MotionTracker;
		};
		5475AB302D58C25200D78AE7 /* PBXContainerItemProxy */ = {
			isa = PBXContainerItemProxy;
			containerPortal = 5475AB082D58C25000D78AE7 /* Project object */;
			proxyType = 1;
			remoteGlobalIDString = 5475AB0F2D58C25000D78AE7;
			remoteInfo = MotionTracker;
		};
/* End PBXContainerItemProxy section */

/* Begin PBXFileReference section */
		5475AB102D58C25000D78AE7 /* MotionTracker.app */ = {isa = PBXFileReference; explicitFileType = wrapper.application; includeInIndex = 0; path = MotionTracker.app; sourceTree = BUILT_PRODUCTS_DIR; };
		5475AB132D58C25000D78AE7 /* MotionTrackerApp.swift */ = {isa = PBXFileReference; lastKnownFileType = sourcecode.swift; path = MotionTrackerApp.swift; sourceTree = "<group>"; };
		5475AB152D58C25000D78AE7 /* ContentView.swift */ = {isa = PBXFileReference; lastKnownFileType = sourcecode.swift; path = ContentView.swift; sourceTree = "<group>"; };
		5475AB172D58C25200D78AE7 /* Assets.xcassets */ = {isa = PBXFileReference; lastKnownFileType = folder.assetcatalog; path = Assets.xcassets; sourceTree = "<group>"; };
		5475AB1A2D58C25200D78AE7 /* Preview Assets.xcassets */ = {isa = PBXFileReference; lastKnownFileType = folder.assetcatalog; path = "Preview Assets.xcassets"; sourceTree = "<group>"; };
		5475AB1C2D58C25200D78AE7 /* Persistence.swift */ = {isa = PBXFileReference; lastKnownFileType = sourcecode.swift; path = Persistence.swift; sourceTree = "<group>"; };
		5475AB1F2D58C25200D78AE7 /* MotionTracker.xcdatamodel */ = {isa = PBXFileReference; lastKnownFileType = wrapper.xcdatamodel; path = MotionTracker.xcdatamodel; sourceTree = "<group>"; };
		5475AB252D58C25200D78AE7 /* MotionTrackerTests.xctest */ = {isa = PBXFileReference; explicitFileType = wrapper.cfbundle; includeInIndex = 0; path = MotionTrackerTests.xctest; sourceTree = BUILT_PRODUCTS_DIR; };
		5475AB292D58C25200D78AE7 /* MotionTrackerTests.swift */ = {isa = PBXFileReference; lastKnownFileType = sourcecode.swift; path = MotionTrackerTests.swift; sourceTree = "<group>"; };
		5475AB2F2D58C25200D78AE7 /* MotionTrackerUITests.xctest */ = {isa = PBXFileReference; explicitFileType = wrapper.cfbundle; includeInIndex = 0; path = MotionTrackerUITests.xctest; sourceTree = BUILT_PRODUCTS_DIR; };
		5475AB332D58C25200D78AE7 /* MotionTrackerUITests.swift */ = {isa = PBXFileReference; lastKnownFileType = sourcecode.swift; path = MotionTrackerUITests.swift; sourceTree = "<group>"; };
		5475AB352D58C25200D78AE7 /* MotionTrackerUITestsLaunchTests.swift */ = {isa = PBXFileReference; lastKnownFileType = sourcecode.swift; path = MotionTrackerUITestsLaunchTests.swift; sourceTree = "<group>"; };
		5475AB422D58C3AE00D78AE7 /* MotionManager.swift */ = {isa = PBXFileReference; lastKnownFileType = sourcecode.swift; path = MotionManager.swift; sourceTree = "<group>"; };
		5475AB442D58C56900D78AE7 /* BluetoothManager.swift */ = {isa = PBXFileReference; lastKnownFileType = sourcecode.swift; path = BluetoothManager.swift; sourceTree = "<group>"; };
		5475AB462D58C80400D78AE7 /* Info.plist */ = {isa = PBXFileReference; lastKnownFileType = text.plist; path = Info.plist; sourceTree = "<group>"; };
/* End PBXFileReference section */

/* Begin PBXFrameworksBuildPhase section */
		5475AB0D2D58C25000D78AE7 /* Frameworks */ = {
			isa = PBXFrameworksBuildPhase;
			buildActionMask = 2147483647;
			files = (
			);
			runOnlyForDeploymentPostprocessing = 0;
		};
		5475AB222D58C25200D78AE7 /* Frameworks */ = {
			isa = PBXFrameworksBuildPhase;
			buildActionMask = 2147483647;
			files = (
			);
			runOnlyForDeploymentPostprocessing = 0;
		};
		5475AB2C2D58C25200D78AE7 /* Frameworks */ = {
			isa = PBXFrameworksBuildPhase;
			buildActionMask = 2147483647;
			files = (
			);
			runOnlyForDeploymentPostprocessing = 0;
		};
/* End PBXFrameworksBuildPhase section */

/* Begin PBXGroup section */
		5475AB072D58C25000D78AE7 = {
			isa = PBXGroup;
			children = (
				5475AB122D58C25000D78AE7 /* MotionTracker */,
				5475AB282D58C25200D78AE7 /* MotionTrackerTests */,
				5475AB322D58C25200D78AE7 /* MotionTrackerUITests */,
				5475AB112D58C25000D78AE7 /* Products */,
			);
			sourceTree = "<group>";
		};
		5475AB112D58C25000D78AE7 /* Products */ = {
			isa = PBXGroup;
			children = (
				5475AB102D58C25000D78AE7 /* MotionTracker.app */,
				5475AB252D58C25200D78AE7 /* MotionTrackerTests.xctest */,
				5475AB2F2D58C25200D78AE7 /* MotionTrackerUITests.xctest */,
			);
			name = Products;
			sourceTree = "<group>";
		};
		5475AB122D58C25000D78AE7 /* MotionTracker */ = {
			isa = PBXGroup;
			children = (
				5475AB462D58C80400D78AE7 /* Info.plist */,
				5475AB132D58C25000D78AE7 /* MotionTrackerApp.swift */,
				5475AB152D58C25000D78AE7 /* ContentView.swift */,
				5475AB172D58C25200D78AE7 /* Assets.xcassets */,
				5475AB1C2D58C25200D78AE7 /* Persistence.swift */,
				5475AB1E2D58C25200D78AE7 /* MotionTracker.xcdatamodeld */,
				5475AB192D58C25200D78AE7 /* Preview Content */,
				5475AB422D58C3AE00D78AE7 /* MotionManager.swift */,
				5475AB442D58C56900D78AE7 /* BluetoothManager.swift */,
			);
			path = MotionTracker;
			sourceTree = "<group>";
		};
		5475AB192D58C25200D78AE7 /* Preview Content */ = {
			isa = PBXGroup;
			children = (
				5475AB1A2D58C25200D78AE7 /* Preview Assets.xcassets */,
			);
			path = "Preview Content";
			sourceTree = "<group>";
		};
		5475AB282D58C25200D78AE7 /* MotionTrackerTests */ = {
			isa = PBXGroup;
			children = (
				5475AB292D58C25200D78AE7 /* MotionTrackerTests.swift */,
			);
			path = MotionTrackerTests;
			sourceTree = "<group>";
		};
		5475AB322D58C25200D78AE7 /* MotionTrackerUITests */ = {
			isa = PBXGroup;
			children = (
				5475AB332D58C25200D78AE7 /* MotionTrackerUITests.swift */,
				5475AB352D58C25200D78AE7 /* MotionTrackerUITestsLaunchTests.swift */,
			);
			path = MotionTrackerUITests;
			sourceTree = "<group>";
		};
/* End PBXGroup section */

/* Begin PBXNativeTarget section */
		5475AB0F2D58C25000D78AE7 /* MotionTracker */ = {
			isa = PBXNativeTarget;
			buildConfigurationList = 5475AB392D58C25200D78AE7 /* Build configuration list for PBXNativeTarget "MotionTracker" */;
			buildPhases = (
				5475AB0C2D58C25000D78AE7 /* Sources */,
				5475AB0D2D58C25000D78AE7 /* Frameworks */,
				5475AB0E2D58C25000D78AE7 /* Resources */,
			);
			buildRules = (
			);
			dependencies = (
			);
			name = MotionTracker;
			productName = MotionTracker;
			productReference = 5475AB102D58C25000D78AE7 /* MotionTracker.app */;
			productType = "com.apple.product-type.application";
		};
		5475AB242D58C25200D78AE7 /* MotionTrackerTests */ = {
			isa = PBXNativeTarget;
			buildConfigurationList = 5475AB3C2D58C25200D78AE7 /* Build configuration list for PBXNativeTarget "MotionTrackerTests" */;
			buildPhases = (
				5475AB212D58C25200D78AE7 /* Sources */,
				5475AB222D58C25200D78AE7 /* Frameworks */,
				5475AB232D58C25200D78AE7 /* Resources */,
			);
			buildRules = (
			);
			dependencies = (
				5475AB272D58C25200D78AE7 /* PBXTargetDependency */,
			);
			name = MotionTrackerTests;
			productName = MotionTrackerTests;
			productReference = 5475AB252D58C25200D78AE7 /* MotionTrackerTests.xctest */;
			productType = "com.apple.product-type.bundle.unit-test";
		};
		5475AB2E2D58C25200D78AE7 /* MotionTrackerUITests */ = {
			isa = PBXNativeTarget;
			buildConfigurationList = 5475AB3F2D58C25200D78AE7 /* Build configuration list for PBXNativeTarget "MotionTrackerUITests" */;
			buildPhases = (
				5475AB2B2D58C25200D78AE7 /* Sources */,
				5475AB2C2D58C25200D78AE7 /* Frameworks */,
				5475AB2D2D58C25200D78AE7 /* Resources */,
			);
			buildRules = (
			);
			dependencies = (
				5475AB312D58C25200D78AE7 /* PBXTargetDependency */,
			);
			name = MotionTrackerUITests;
			productName = MotionTrackerUITests;
			productReference = 5475AB2F2D58C25200D78AE7 /* MotionTrackerUITests.xctest */;
			productType = "com.apple.product-type.bundle.ui-testing";
		};
/* End PBXNativeTarget section */

/* Begin PBXProject section */
		5475AB082D58C25000D78AE7 /* Project object */ = {
			isa = PBXProject;
			attributes = {
				BuildIndependentTargetsInParallel = 1;
				LastSwiftUpdateCheck = 1540;
				LastUpgradeCheck = 1540;
				TargetAttributes = {
					5475AB0F2D58C25000D78AE7 = {
						CreatedOnToolsVersion = 15.4;
					};
					5475AB242D58C25200D78AE7 = {
						CreatedOnToolsVersion = 15.4;
						TestTargetID = 5475AB0F2D58C25000D78AE7;
					};
					5475AB2E2D58C25200D78AE7 = {
						CreatedOnToolsVersion = 15.4;
						TestTargetID = 5475AB0F2D58C25000D78AE7;
					};
				};
			};
			buildConfigurationList = 5475AB0B2D58C25000D78AE7 /* Build configuration list for PBXProject "MotionTracker" */;
			compatibilityVersion = "Xcode 14.0";
			developmentRegion = en;
			hasScannedForEncodings = 0;
			knownRegions = (
				en,
				Base,
			);
			mainGroup = 5475AB072D58C25000D78AE7;
			productRefGroup = 5475AB112D58C25000D78AE7 /* Products */;
			projectDirPath = "";
			projectRoot = "";
			targets = (
				5475AB0F2D58C25000D78AE7 /* MotionTracker */,
				5475AB242D58C25200D78AE7 /* MotionTrackerTests */,
				5475AB2E2D58C25200D78AE7 /* MotionTrackerUITests */,
			);
		};
/* End PBXProject section */

/* Begin PBXResourcesBuildPhase section */
		5475AB0E2D58C25000D78AE7 /* Resources */ = {
			isa = PBXResourcesBuildPhase;
			buildActionMask = 2147483647;
			files = (
				5475AB1B2D58C25200D78AE7 /* Preview Assets.xcassets in Resources */,
				5475AB182D58C25200D78AE7 /* Assets.xcassets in Resources */,
			);
			runOnlyForDeploymentPostprocessing = 0;
		};
		5475AB232D58C25200D78AE7 /* Resources */ = {
			isa = PBXResourcesBuildPhase;
			buildActionMask = 2147483647;
			files = (
			);
			runOnlyForDeploymentPostprocessing = 0;
		};
		5475AB2D2D58C25200D78AE7 /* Resources */ = {
			isa = PBXResourcesBuildPhase;
			buildActionMask = 2147483647;
			files = (
			);
			runOnlyForDeploymentPostprocessing = 0;
		};
/* End PBXResourcesBuildPhase section */

/* Begin PBXSourcesBuildPhase section */
		5475AB0C2D58C25000D78AE7 /* Sources */ = {
			isa = PBXSourcesBuildPhase;
			buildActionMask = 2147483647;
			files = (
				5475AB202D58C25200D78AE7 /* MotionTracker.xcdatamodeld in Sources */,
				5475AB432D58C3AE00D78AE7 /* MotionManager.swift in Sources */,
				5475AB1D2D58C25200D78AE7 /* Persistence.swift in Sources */,
				5475AB162D58C25000D78AE7 /* ContentView.swift in Sources */,
				5475AB452D58C56900D78AE7 /* BluetoothManager.swift in Sources */,
				5475AB142D58C25000D78AE7 /* MotionTrackerApp.swift in Sources */,
			);
			runOnlyForDeploymentPostprocessing = 0;
		};
		5475AB212D58C25200D78AE7 /* Sources */ = {
			isa = PBXSourcesBuildPhase;
			buildActionMask = 2147483647;
			files = (
				5475AB2A2D58C25200D78AE7 /* MotionTrackerTests.swift in Sources */,
			);
			runOnlyForDeploymentPostprocessing = 0;
		};
		5475AB2B2D58C25200D78AE7 /* Sources */ = {
			isa = PBXSourcesBuildPhase;
			buildActionMask = 2147483647;
			files = (
				5475AB342D58C25200D78AE7 /* MotionTrackerUITests.swift in Sources */,
				5475AB362D58C25200D78AE7 /* MotionTrackerUITestsLaunchTests.swift in Sources */,
			);
			runOnlyForDeploymentPostprocessing = 0;
		};
/* End PBXSourcesBuildPhase section */

/* Begin PBXTargetDependency section */
		5475AB272D58C25200D78AE7 /* PBXTargetDependency */ = {
			isa = PBXTargetDependency;
			target = 5475AB0F2D58C25000D78AE7 /* MotionTracker */;
			targetProxy = 5475AB262D58C25200D78AE7 /* PBXContainerItemProxy */;
		};
		5475AB312D58C25200D78AE7 /* PBXTargetDependency */ = {
			isa = PBXTargetDependency;
			target = 5475AB0F2D58C25000D78AE7 /* MotionTracker */;
			targetProxy = 5475AB302D58C25200D78AE7 /* PBXContainerItemProxy */;
		};
/* End PBXTargetDependency section */

/* Begin XCBuildConfiguration section */
		5475AB372D58C25200D78AE7 /* Debug */ = {
			isa = XCBuildConfiguration;
			buildSettings = {
				ALWAYS_SEARCH_USER_PATHS = NO;
				ASSETCATALOG_COMPILER_GENERATE_SWIFT_ASSET_SYMBOL_EXTENSIONS = YES;
				CLANG_ANALYZER_NONNULL = YES;
				CLANG_ANALYZER_NUMBER_OBJECT_CONVERSION = YES_AGGRESSIVE;
				CLANG_CXX_LANGUAGE_STANDARD = "gnu++20";
				CLANG_ENABLE_MODULES = YES;
				CLANG_ENABLE_OBJC_ARC = YES;
				CLANG_ENABLE_OBJC_WEAK = YES;
				CLANG_WARN_BLOCK_CAPTURE_AUTORELEASING = YES;
				CLANG_WARN_BOOL_CONVERSION = YES;
				CLANG_WARN_COMMA = YES;
				CLANG_WARN_CONSTANT_CONVERSION = YES;
				CLANG_WARN_DEPRECATED_OBJC_IMPLEMENTATIONS = YES;
				CLANG_WARN_DIRECT_OBJC_ISA_USAGE = YES_ERROR;
				CLANG_WARN_DOCUMENTATION_COMMENTS = YES;
				CLANG_WARN_EMPTY_BODY = YES;
				CLANG_WARN_ENUM_CONVERSION = YES;
				CLANG_WARN_INFINITE_RECURSION = YES;
				CLANG_WARN_INT_CONVERSION = YES;
				CLANG_WARN_NON_LITERAL_NULL_CONVERSION = YES;
				CLANG_WARN_OBJC_IMPLICIT_RETAIN_SELF = YES;
				CLANG_WARN_OBJC_LITERAL_CONVERSION = YES;
				CLANG_WARN_OBJC_ROOT_CLASS = YES_ERROR;
				CLANG_WARN_QUOTED_INCLUDE_IN_FRAMEWORK_HEADER = YES;
				CLANG_WARN_RANGE_LOOP_ANALYSIS = YES;
				CLANG_WARN_STRICT_PROTOTYPES = YES;
				CLANG_WARN_SUSPICIOUS_MOVE = YES;
				CLANG_WARN_UNGUARDED_AVAILABILITY = YES_AGGRESSIVE;
				CLANG_WARN_UNREACHABLE_CODE = YES;
				CLANG_WARN__DUPLICATE_METHOD_MATCH = YES;
				COPY_PHASE_STRIP = NO;
				DEBUG_INFORMATION_FORMAT = dwarf;
				ENABLE_STRICT_OBJC_MSGSEND = YES;
				ENABLE_TESTABILITY = YES;
				ENABLE_USER_SCRIPT_SANDBOXING = YES;
				GCC_C_LANGUAGE_STANDARD = gnu17;
				GCC_DYNAMIC_NO_PIC = NO;
				GCC_NO_COMMON_BLOCKS = YES;
				GCC_OPTIMIZATION_LEVEL = 0;
				GCC_PREPROCESSOR_DEFINITIONS = (
					"DEBUG=1",
					"$(inherited)",
				);
				GCC_WARN_64_TO_32_BIT_CONVERSION = YES;
				GCC_WARN_ABOUT_RETURN_TYPE = YES_ERROR;
				GCC_WARN_UNDECLARED_SELECTOR = YES;
				GCC_WARN_UNINITIALIZED_AUTOS = YES_AGGRESSIVE;
				GCC_WARN_UNUSED_FUNCTION = YES;
				GCC_WARN_UNUSED_VARIABLE = YES;
				IPHONEOS_DEPLOYMENT_TARGET = 17.5;
				LOCALIZATION_PREFERS_STRING_CATALOGS = YES;
				MTL_ENABLE_DEBUG_INFO = INCLUDE_SOURCE;
				MTL_FAST_MATH = YES;
				ONLY_ACTIVE_ARCH = YES;
				SDKROOT = iphoneos;
				SWIFT_ACTIVE_COMPILATION_CONDITIONS = "DEBUG $(inherited)";
				SWIFT_OPTIMIZATION_LEVEL = "-Onone";
			};
			name = Debug;
		};
		5475AB382D58C25200D78AE7 /* Release */ = {
			isa = XCBuildConfiguration;
			buildSettings = {
				ALWAYS_SEARCH_USER_PATHS = NO;
				ASSETCATALOG_COMPILER_GENERATE_SWIFT_ASSET_SYMBOL_EXTENSIONS = YES;
				CLANG_ANALYZER_NONNULL = YES;
				CLANG_ANALYZER_NUMBER_OBJECT_CONVERSION = YES_AGGRESSIVE;
				CLANG_CXX_LANGUAGE_STANDARD = "gnu++20";
				CLANG_ENABLE_MODULES = YES;
				CLANG_ENABLE_OBJC_ARC = YES;
				CLANG_ENABLE_OBJC_WEAK = YES;
				CLANG_WARN_BLOCK_CAPTURE_AUTORELEASING = YES;
				CLANG_WARN_BOOL_CONVERSION = YES;
				CLANG_WARN_COMMA = YES;
				CLANG_WARN_CONSTANT_CONVERSION = YES;
				CLANG_WARN_DEPRECATED_OBJC_IMPLEMENTATIONS = YES;
				CLANG_WARN_DIRECT_OBJC_ISA_USAGE = YES_ERROR;
				CLANG_WARN_DOCUMENTATION_COMMENTS = YES;
				CLANG_WARN_EMPTY_BODY = YES;
				CLANG_WARN_ENUM_CONVERSION = YES;
				CLANG_WARN_INFINITE_RECURSION = YES;
				CLANG_WARN_INT_CONVERSION = YES;
				CLANG_WARN_NON_LITERAL_NULL_CONVERSION = YES;
				CLANG_WARN_OBJC_IMPLICIT_RETAIN_SELF = YES;
				CLANG_WARN_OBJC_LITERAL_CONVERSION = YES;
				CLANG_WARN_OBJC_ROOT_CLASS = YES_ERROR;
				CLANG_WARN_QUOTED_INCLUDE_IN_FRAMEWORK_HEADER = YES;
				CLANG_WARN_RANGE_LOOP_ANALYSIS = YES;
				CLANG_WARN_STRICT_PROTOTYPES = YES;
				CLANG_WARN_SUSPICIOUS_MOVE = YES;
				CLANG_WARN_UNGUARDED_AVAILABILITY = YES_AGGRESSIVE;
				CLANG_WARN_UNREACHABLE_CODE = YES;
				CLANG_WARN__DUPLICATE_METHOD_MATCH = YES;
				COPY_PHASE_STRIP = NO;
				DEBUG_INFORMATION_FORMAT = "dwarf-with-dsym";
				ENABLE_NS_ASSERTIONS = NO;
				ENABLE_STRICT_OBJC_MSGSEND = YES;
				ENABLE_USER_SCRIPT_SANDBOXING = YES;
				GCC_C_LANGUAGE_STANDARD = gnu17;
				GCC_NO_COMMON_BLOCKS = YES;
				GCC_WARN_64_TO_32_BIT_CONVERSION = YES;
				GCC_WARN_ABOUT_RETURN_TYPE = YES_ERROR;
				GCC_WARN_UNDECLARED_SELECTOR = YES;
				GCC_WARN_UNINITIALIZED_AUTOS = YES_AGGRESSIVE;
				GCC_WARN_UNUSED_FUNCTION = YES;
				GCC_WARN_UNUSED_VARIABLE = YES;
				IPHONEOS_DEPLOYMENT_TARGET = 17.5;
				LOCALIZATION_PREFERS_STRING_CATALOGS = YES;
				MTL_ENABLE_DEBUG_INFO = NO;
				MTL_FAST_MATH = YES;
				SDKROOT = iphoneos;
				SWIFT_COMPILATION_MODE = wholemodule;
				VALIDATE_PRODUCT = YES;
			};
			name = Release;
		};
		5475AB3A2D58C25200D78AE7 /* Debug */ = {
			isa = XCBuildConfiguration;
			buildSettings = {
				ASSETCATALOG_COMPILER_APPICON_NAME = AppIcon;
				ASSETCATALOG_COMPILER_GLOBAL_ACCENT_COLOR_NAME = AccentColor;
				CODE_SIGN_STYLE = Automatic;
				CURRENT_PROJECT_VERSION = 1;
				DEVELOPMENT_ASSET_PATHS = "\"MotionTracker/Preview Content\"";
				DEVELOPMENT_TEAM = LR65A2VNB9;
				ENABLE_PREVIEWS = YES;
				GENERATE_INFOPLIST_FILE = YES;
				INFOPLIST_FILE = MotionTracker/Info.plist;
				INFOPLIST_KEY_NSBluetoothAlwaysUsageDescription = "\"This app uses Bluetooth to connect to external motion sensors.\"";
				INFOPLIST_KEY_NSMotionUsageDescription = "\"This app uses motion data to track movement speed and acceleration.\"\n\"This app uses motion data to track movement speed and acceleration.\"\n\"This app uses motion data to track movement speed and acceleration.\"";
				INFOPLIST_KEY_UIApplicationSceneManifest_Generation = YES;
				INFOPLIST_KEY_UIApplicationSupportsIndirectInputEvents = YES;
				INFOPLIST_KEY_UILaunchScreen_Generation = YES;
				INFOPLIST_KEY_UISupportedInterfaceOrientations_iPad = "UIInterfaceOrientationPortrait UIInterfaceOrientationPortraitUpsideDown UIInterfaceOrientationLandscapeLeft UIInterfaceOrientationLandscapeRight";
				INFOPLIST_KEY_UISupportedInterfaceOrientations_iPhone = "UIInterfaceOrientationPortrait UIInterfaceOrientationLandscapeLeft UIInterfaceOrientationLandscapeRight";
				LD_RUNPATH_SEARCH_PATHS = (
					"$(inherited)",
					"@executable_path/Frameworks",
				);
				MARKETING_VERSION = 1.0;
				PRODUCT_BUNDLE_IDENTIFIER = com.maliha.MotionTracker;
				PRODUCT_NAME = "$(TARGET_NAME)";
				SWIFT_EMIT_LOC_STRINGS = YES;
				SWIFT_VERSION = 5.0;
				TARGETED_DEVICE_FAMILY = "1,2";
			};
			name = Debug;
		};
		5475AB3B2D58C25200D78AE7 /* Release */ = {
			isa = XCBuildConfiguration;
			buildSettings = {
				ASSETCATALOG_COMPILER_APPICON_NAME = AppIcon;
				ASSETCATALOG_COMPILER_GLOBAL_ACCENT_COLOR_NAME = AccentColor;
				CODE_SIGN_STYLE = Automatic;
				CURRENT_PROJECT_VERSION = 1;
				DEVELOPMENT_ASSET_PATHS = "\"MotionTracker/Preview Content\"";
				DEVELOPMENT_TEAM = LR65A2VNB9;
				ENABLE_PREVIEWS = YES;
				GENERATE_INFOPLIST_FILE = YES;
				INFOPLIST_FILE = MotionTracker/Info.plist;
				INFOPLIST_KEY_NSBluetoothAlwaysUsageDescription = "\"This app uses Bluetooth to connect to external motion sensors.\"";
				INFOPLIST_KEY_NSMotionUsageDescription = "\"This app uses motion data to track movement speed and acceleration.\"\n\"This app uses motion data to track movement speed and acceleration.\"\n\"This app uses motion data to track movement speed and acceleration.\"";
				INFOPLIST_KEY_UIApplicationSceneManifest_Generation = YES;
				INFOPLIST_KEY_UIApplicationSupportsIndirectInputEvents = YES;
				INFOPLIST_KEY_UILaunchScreen_Generation = YES;
				INFOPLIST_KEY_UISupportedInterfaceOrientations_iPad = "UIInterfaceOrientationPortrait UIInterfaceOrientationPortraitUpsideDown UIInterfaceOrientationLandscapeLeft UIInterfaceOrientationLandscapeRight";
				INFOPLIST_KEY_UISupportedInterfaceOrientations_iPhone = "UIInterfaceOrientationPortrait UIInterfaceOrientationLandscapeLeft UIInterfaceOrientationLandscapeRight";
				LD_RUNPATH_SEARCH_PATHS = (
					"$(inherited)",
					"@executable_path/Frameworks",
				);
				MARKETING_VERSION = 1.0;
				PRODUCT_BUNDLE_IDENTIFIER = com.maliha.MotionTracker;
				PRODUCT_NAME = "$(TARGET_NAME)";
				SWIFT_EMIT_LOC_STRINGS = YES;
				SWIFT_VERSION = 5.0;
				TARGETED_DEVICE_FAMILY = "1,2";
			};
			name = Release;
		};
		5475AB3D2D58C25200D78AE7 /* Debug */ = {
			isa = XCBuildConfiguration;
			buildSettings = {
				ALWAYS_EMBED_SWIFT_STANDARD_LIBRARIES = YES;
				BUNDLE_LOADER = "$(TEST_HOST)";
				CODE_SIGN_STYLE = Automatic;
				CURRENT_PROJECT_VERSION = 1;
				DEVELOPMENT_TEAM = LR65A2VNB9;
				GENERATE_INFOPLIST_FILE = YES;
				IPHONEOS_DEPLOYMENT_TARGET = 17.5;
				MARKETING_VERSION = 1.0;
				PRODUCT_BUNDLE_IDENTIFIER = com.maliha.MotionTrackerTests;
				PRODUCT_NAME = "$(TARGET_NAME)";
				SWIFT_EMIT_LOC_STRINGS = NO;
				SWIFT_VERSION = 5.0;
				TARGETED_DEVICE_FAMILY = "1,2";
				TEST_HOST = "$(BUILT_PRODUCTS_DIR)/MotionTracker.app/$(BUNDLE_EXECUTABLE_FOLDER_PATH)/MotionTracker";
			};
			name = Debug;
		};
		5475AB3E2D58C25200D78AE7 /* Release */ = {
			isa = XCBuildConfiguration;
			buildSettings = {
				ALWAYS_EMBED_SWIFT_STANDARD_LIBRARIES = YES;
				BUNDLE_LOADER = "$(TEST_HOST)";
				CODE_SIGN_STYLE = Automatic;
				CURRENT_PROJECT_VERSION = 1;
				DEVELOPMENT_TEAM = LR65A2VNB9;
				GENERATE_INFOPLIST_FILE = YES;
				IPHONEOS_DEPLOYMENT_TARGET = 17.5;
				MARKETING_VERSION = 1.0;
				PRODUCT_BUNDLE_IDENTIFIER = com.maliha.MotionTrackerTests;
				PRODUCT_NAME = "$(TARGET_NAME)";
				SWIFT_EMIT_LOC_STRINGS = NO;
				SWIFT_VERSION = 5.0;
				TARGETED_DEVICE_FAMILY = "1,2";
				TEST_HOST = "$(BUILT_PRODUCTS_DIR)/MotionTracker.app/$(BUNDLE_EXECUTABLE_FOLDER_PATH)/MotionTracker";
			};
			name = Release;
		};
		5475AB402D58C25200D78AE7 /* Debug */ = {
			isa = XCBuildConfiguration;
			buildSettings = {
				ALWAYS_EMBED_SWIFT_STANDARD_LIBRARIES = YES;
				CODE_SIGN_STYLE = Automatic;
				CURRENT_PROJECT_VERSION = 1;
				DEVELOPMENT_TEAM = LR65A2VNB9;
				GENERATE_INFOPLIST_FILE = YES;
				MARKETING_VERSION = 1.0;
				PRODUCT_BUNDLE_IDENTIFIER = com.maliha.MotionTrackerUITests;
				PRODUCT_NAME = "$(TARGET_NAME)";
				SWIFT_EMIT_LOC_STRINGS = NO;
				SWIFT_VERSION = 5.0;
				TARGETED_DEVICE_FAMILY = "1,2";
				TEST_TARGET_NAME = MotionTracker;
			};
			name = Debug;
		};
		5475AB412D58C25200D78AE7 /* Release */ = {
			isa = XCBuildConfiguration;
			buildSettings = {
				ALWAYS_EMBED_SWIFT_STANDARD_LIBRARIES = YES;
				CODE_SIGN_STYLE = Automatic;
				CURRENT_PROJECT_VERSION = 1;
				DEVELOPMENT_TEAM = LR65A2VNB9;
				GENERATE_INFOPLIST_FILE = YES;
				MARKETING_VERSION = 1.0;
				PRODUCT_BUNDLE_IDENTIFIER = com.maliha.MotionTrackerUITests;
				PRODUCT_NAME = "$(TARGET_NAME)";
				SWIFT_EMIT_LOC_STRINGS = NO;
				SWIFT_VERSION = 5.0;
				TARGETED_DEVICE_FAMILY = "1,2";
				TEST_TARGET_NAME = MotionTracker;
			};
			name = Release;
		};
/* End XCBuildConfiguration section */

/* Begin XCConfigurationList section */
		5475AB0B2D58C25000D78AE7 /* Build configuration list for PBXProject "MotionTracker" */ = {
			isa = XCConfigurationList;
			buildConfigurations = (
				5475AB372D58C25200D78AE7 /* Debug */,
				5475AB382D58C25200D78AE7 /* Release */,
			);
			defaultConfigurationIsVisible = 0;
			defaultConfigurationName = Release;
		};
		5475AB392D58C25200D78AE7 /* Build configuration list for PBXNativeTarget "MotionTracker" */ = {
			isa = XCConfigurationList;
			buildConfigurations = (
				5475AB3A2D58C25200D78AE7 /* Debug */,
				5475AB3B2D58C25200D78AE7 /* Release */,
			);
			defaultConfigurationIsVisible = 0;
			defaultConfigurationName = Release;
		};
		5475AB3C2D58C25200D78AE7 /* Build configuration list for PBXNativeTarget "MotionTrackerTests" */ = {
			isa = XCConfigurationList;
			buildConfigurations = (
				5475AB3D2D58C25200D78AE7 /* Debug */,
				5475AB3E2D58C25200D78AE7 /* Release */,
			);
			defaultConfigurationIsVisible = 0;
			defaultConfigurationName = Release;
		};
		5475AB3F2D58C25200D78AE7 /* Build configuration list for PBXNativeTarget "MotionTrackerUITests" */ = {
			isa = XCConfigurationList;
			buildConfigurations = (
				5475AB402D58C25200D78AE7 /* Debug */,
				5475AB412D58C25200D78AE7 /* Release */,
			);
			defaultConfigurationIsVisible = 0;
			defaultConfigurationName = Release;
		};
/* End XCConfigurationList section */

/* Begin XCVersionGroup section */
		5475AB1E2D58C25200D78AE7 /* MotionTracker.xcdatamodeld */ = {
			isa = XCVersionGroup;
			children = (
				5475AB1F2D58C25200D78AE7 /* MotionTracker.xcdatamodel */,
			);
			currentVersion = 5475AB1F2D58C25200D78AE7 /* MotionTracker.xcdatamodel */;
			path = MotionTracker.xcdatamodeld;
			sourceTree = "<group>";
			versionGroupType = wrapper.xcdatamodel;
		};
/* End XCVersionGroup section */
	};
	rootObject = 5475AB082D58C25000D78AE7 /* Project object */;
}
